Microsoft Visual Studio Solution File, Format Version 12.00
# Visual Studio Version 17
VisualStudioVersion = 17.5.2.0
MinimumVisualStudioVersion = 10.0.40219.1
Project("{FAE04EC0-301F-11D3-BF4B-00C04F79EFBC}") = "debugging_project", "debugging_project.csproj", "{A7099820-919F-CFFF-D996-DF827C95D223}"
EndProject
Global
	GlobalSection(SolutionConfigurationPlatforms) = preSolution
		Debug|Any CPU = Debug|Any CPU
		Release|Any CPU = Release|Any CPU
	EndGlobalSection
	GlobalSection(ProjectConfigurationPlatforms) = postSolution
		{A7099820-919F-CFFF-D996-DF827C95D223}.Debug|Any CPU.ActiveCfg = Debug|Any CPU
		{A7099820-919F-CFFF-D996-DF827C95D223}.Debug|Any CPU.Build.0 = Debug|Any CPU
		{A7099820-919F-CFFF-D996-DF827C95D223}.Release|Any CPU.ActiveCfg = Release|Any CPU
		{A7099820-919F-CFFF-D996-DF827C95D223}.Release|Any CPU.Build.0 = Release|Any CPU
	EndGlobalSection
	GlobalSection(SolutionProperties) = preSolution
		HideSolutionNode = FALSE
	EndGlobalSection
	GlobalSection(ExtensibilityGlobals) = postSolution
		SolutionGuid = {4F2B83CA-C15A-4790-B8EE-D8C28F0CFA43}
	EndGlobalSection
EndGlobal
